
Microsoft Visual Studio Solution File, Format Version 12.00
# Visual Studio Version 17
VisualStudioVersion = 17.12.35728.132 d17.12
MinimumVisualStudioVersion = 10.0.40219.1
Project("{FAE04EC0-301F-11D3-BF4B-00C04F79EFBC}") = "ExcelAddIn", "ExcelAddIn\ExcelAddIn.csproj", "{4428E6C8-E965-4D3F-BF42-C6713933B88E}"
EndProject
Project("{FAE04EC0-301F-11D3-BF4B-00C04F79EFBC}") = "VisioAddIn", "VisioAddIn\VisioAddIn.csproj", "{95E6EA0B-E4AF-4AEE-BA14-BE1EB0188BA9}"
EndProject
Global
	GlobalSection(SolutionConfigurationPlatforms) = preSolution
		Debug|Any CPU = Debug|Any CPU
		Release|Any CPU = Release|Any CPU
	EndGlobalSection
	GlobalSection(ProjectConfigurationPlatforms) = postSolution
		{4428E6C8-E965-4D3F-BF42-C6713933B88E}.Debug|Any CPU.ActiveCfg = Debug|Any CPU
		{4428E6C8-E965-4D3F-BF42-C6713933B88E}.Debug|Any CPU.Build.0 = Debug|Any CPU
		{4428E6C8-E965-4D3F-BF42-C6713933B88E}.Release|Any CPU.ActiveCfg = Release|Any CPU
		{4428E6C8-E965-4D3F-BF42-C6713933B88E}.Release|Any CPU.Build.0 = Release|Any CPU
		{95E6EA0B-E4AF-4AEE-BA14-BE1EB0188BA9}.Debug|Any CPU.ActiveCfg = Debug|Any CPU
		{95E6EA0B-E4AF-4AEE-BA14-BE1EB0188BA9}.Debug|Any CPU.Build.0 = Debug|Any CPU
		{95E6EA0B-E4AF-4AEE-BA14-BE1EB0188BA9}.Release|Any CPU.ActiveCfg = Release|Any CPU
		{95E6EA0B-E4AF-4AEE-BA14-BE1EB0188BA9}.Release|Any CPU.Build.0 = Release|Any CPU
	EndGlobalSection
	GlobalSection(SolutionProperties) = preSolution
		HideSolutionNode = FALSE
	EndGlobalSection
EndGlobal
